
Microsoft Visual Studio Solution File, Format Version 12.00
# Visual Studio 2013
VisualStudioVersion = 12.0.31101.0
MinimumVisualStudioVersion = 10.0.40219.1
Project("{8BC9CEB8-8B4A-11D0-8D11-00A0C91BC942}") = "wsn_sim", "wsn_sim\wsn_sim.vcxproj", "{DC109A5D-D6F2-45D6-9E45-5B0454EA9752}"
EndProject
Project("{8BC9CEB8-8B4A-11D0-8D11-00A0C91BC942}") = "wsn_sim_tests", "wsn_sim_tests\wsn_sim_tests.vcxproj", "{325611C7-AB59-4F2E-92F3-7003D1E8E0B2}"
	ProjectSection(ProjectDependencies) = postProject
		{DC109A5D-D6F2-45D6-9E45-5B0454EA9752} = {DC109A5D-D6F2-45D6-9E45-5B0454EA9752}
	EndProjectSection
EndProject
Project("{8BC9CEB8-8B4A-11D0-8D11-00A0C91BC942}") = "BLE_adv_scan_test", "BLE_adv_scan_test\BLE_adv_scan_test.vcxproj", "{9E982DA0-15DB-494A-A9C4-0E75E369D0AB}"
	ProjectSection(ProjectDependencies) = postProject
		{DC109A5D-D6F2-45D6-9E45-5B0454EA9752} = {DC109A5D-D6F2-45D6-9E45-5B0454EA9752}
	EndProjectSection
EndProject
Project("{8BC9CEB8-8B4A-11D0-8D11-00A0C91BC942}") = "BLE_common", "BLE_common\BLE_common.vcxproj", "{210087B7-B877-415B-9FB2-5A802F4103C4}"
	ProjectSection(ProjectDependencies) = postProject
		{DC109A5D-D6F2-45D6-9E45-5B0454EA9752} = {DC109A5D-D6F2-45D6-9E45-5B0454EA9752}
	EndProjectSection
EndProject
Project("{8BC9CEB8-8B4A-11D0-8D11-00A0C91BC942}") = "MeshTesting", "MeshTesting\MeshTesting.vcxproj", "{9E840462-B907-4F21-8135-9228F0664CE7}"
EndProject
Project("{8BC9CEB8-8B4A-11D0-8D11-00A0C91BC942}") = "Matplotpp", "MatplotPP\MatplotPP.vcxproj", "{8D06BFE2-6127-42D7-A8EA-9990EDB5F34D}"
EndProject
Global
	GlobalSection(SolutionConfigurationPlatforms) = preSolution
		Debug|Win32 = Debug|Win32
		Release|Win32 = Release|Win32
	EndGlobalSection
	GlobalSection(ProjectConfigurationPlatforms) = postSolution
		{DC109A5D-D6F2-45D6-9E45-5B0454EA9752}.Debug|Win32.ActiveCfg = Debug|Win32
		{DC109A5D-D6F2-45D6-9E45-5B0454EA9752}.Debug|Win32.Build.0 = Debug|Win32
		{DC109A5D-D6F2-45D6-9E45-5B0454EA9752}.Release|Win32.ActiveCfg = Release|Win32
		{DC109A5D-D6F2-45D6-9E45-5B0454EA9752}.Release|Win32.Build.0 = Release|Win32
		{325611C7-AB59-4F2E-92F3-7003D1E8E0B2}.Debug|Win32.ActiveCfg = Debug|Win32
		{325611C7-AB59-4F2E-92F3-7003D1E8E0B2}.Debug|Win32.Build.0 = Debug|Win32
		{325611C7-AB59-4F2E-92F3-7003D1E8E0B2}.Debug|Win32.Deploy.0 = Debug|Win32
		{325611C7-AB59-4F2E-92F3-7003D1E8E0B2}.Release|Win32.ActiveCfg = Release|Win32
		{325611C7-AB59-4F2E-92F3-7003D1E8E0B2}.Release|Win32.Build.0 = Release|Win32
		{9E982DA0-15DB-494A-A9C4-0E75E369D0AB}.Debug|Win32.ActiveCfg = Debug|Win32
		{9E982DA0-15DB-494A-A9C4-0E75E369D0AB}.Debug|Win32.Build.0 = Debug|Win32
		{9E982DA0-15DB-494A-A9C4-0E75E369D0AB}.Release|Win32.ActiveCfg = Release|Win32
		{9E982DA0-15DB-494A-A9C4-0E75E369D0AB}.Release|Win32.Build.0 = Release|Win32
		{210087B7-B877-415B-9FB2-5A802F4103C4}.Debug|Win32.ActiveCfg = Debug|Win32
		{210087B7-B877-415B-9FB2-5A802F4103C4}.Debug|Win32.Build.0 = Debug|Win32
		{210087B7-B877-415B-9FB2-5A802F4103C4}.Release|Win32.ActiveCfg = Release|Win32
		{210087B7-B877-415B-9FB2-5A802F4103C4}.Release|Win32.Build.0 = Release|Win32
		{9E840462-B907-4F21-8135-9228F0664CE7}.Debug|Win32.ActiveCfg = Debug|Win32
		{9E840462-B907-4F21-8135-9228F0664CE7}.Debug|Win32.Build.0 = Debug|Win32
		{9E840462-B907-4F21-8135-9228F0664CE7}.Release|Win32.ActiveCfg = Release|Win32
		{9E840462-B907-4F21-8135-9228F0664CE7}.Release|Win32.Build.0 = Release|Win32
		{8D06BFE2-6127-42D7-A8EA-9990EDB5F34D}.Debug|Win32.ActiveCfg = Debug|Win32
		{8D06BFE2-6127-42D7-A8EA-9990EDB5F34D}.Debug|Win32.Build.0 = Debug|Win32
		{8D06BFE2-6127-42D7-A8EA-9990EDB5F34D}.Release|Win32.ActiveCfg = Release|Win32
		{8D06BFE2-6127-42D7-A8EA-9990EDB5F34D}.Release|Win32.Build.0 = Release|Win32
	EndGlobalSection
	GlobalSection(SolutionProperties) = preSolution
		HideSolutionNode = FALSE
	EndGlobalSection
EndGlobal
